
Microsoft Visual Studio Solution File, Format Version 12.00
# Visual Studio Version 16
Project("{8BC9CEB8-8B4A-11D0-8D11-00A0C91BC942}") = "Sandbox", "Sandbox\Sandbox.vcxproj", "{F4C124E3-60A1-A37E-69B9-2E55D5170AE0}"
EndProject
Project("{8BC9CEB8-8B4A-11D0-8D11-00A0C91BC942}") = "Grape", "Grape\Grape.vcxproj", "{94FA430D-000F-6CBE-C990-0F1E356468EF}"
EndProject
Global
	GlobalSection(SolutionConfigurationPlatforms) = preSolution
		Debug|Win32 = Debug|Win32
		Debug|Win64 = Debug|Win64
		Dist|Win32 = Dist|Win32
		Dist|Win64 = Dist|Win64
		Release|Win32 = Release|Win32
		Release|Win64 = Release|Win64
	EndGlobalSection
	GlobalSection(ProjectConfigurationPlatforms) = postSolution
		{F4C124E3-60A1-A37E-69B9-2E55D5170AE0}.Debug|Win32.ActiveCfg = Debug|Win32
		{F4C124E3-60A1-A37E-69B9-2E55D5170AE0}.Debug|Win32.Build.0 = Debug|Win32
		{F4C124E3-60A1-A37E-69B9-2E55D5170AE0}.Debug|Win64.ActiveCfg = Debug Win64|x64
		{F4C124E3-60A1-A37E-69B9-2E55D5170AE0}.Debug|Win64.Build.0 = Debug Win64|x64
		{F4C124E3-60A1-A37E-69B9-2E55D5170AE0}.Dist|Win32.ActiveCfg = Dist|Win32
		{F4C124E3-60A1-A37E-69B9-2E55D5170AE0}.Dist|Win32.Build.0 = Dist|Win32
		{F4C124E3-60A1-A37E-69B9-2E55D5170AE0}.Dist|Win64.ActiveCfg = Dist Win64|x64
		{F4C124E3-60A1-A37E-69B9-2E55D5170AE0}.Dist|Win64.Build.0 = Dist Win64|x64
		{F4C124E3-60A1-A37E-69B9-2E55D5170AE0}.Release|Win32.ActiveCfg = Release|Win32
		{F4C124E3-60A1-A37E-69B9-2E55D5170AE0}.Release|Win32.Build.0 = Release|Win32
		{F4C124E3-60A1-A37E-69B9-2E55D5170AE0}.Release|Win64.ActiveCfg = Release Win64|x64
		{F4C124E3-60A1-A37E-69B9-2E55D5170AE0}.Release|Win64.Build.0 = Release Win64|x64
		{94FA430D-000F-6CBE-C990-0F1E356468EF}.Debug|Win32.ActiveCfg = Debug|Win32
		{94FA430D-000F-6CBE-C990-0F1E356468EF}.Debug|Win32.Build.0 = Debug|Win32
		{94FA430D-000F-6CBE-C990-0F1E356468EF}.Debug|Win64.ActiveCfg = Debug Win64|x64
		{94FA430D-000F-6CBE-C990-0F1E356468EF}.Debug|Win64.Build.0 = Debug Win64|x64
		{94FA430D-000F-6CBE-C990-0F1E356468EF}.Dist|Win32.ActiveCfg = Dist|Win32
		{94FA430D-000F-6CBE-C990-0F1E356468EF}.Dist|Win32.Build.0 = Dist|Win32
		{94FA430D-000F-6CBE-C990-0F1E356468EF}.Dist|Win64.ActiveCfg = Dist Win64|x64
		{94FA430D-000F-6CBE-C990-0F1E356468EF}.Dist|Win64.Build.0 = Dist Win64|x64
		{94FA430D-000F-6CBE-C990-0F1E356468EF}.Release|Win32.ActiveCfg = Release|Win32
		{94FA430D-000F-6CBE-C990-0F1E356468EF}.Release|Win32.Build.0 = Release|Win32
		{94FA430D-000F-6CBE-C990-0F1E356468EF}.Release|Win64.ActiveCfg = Release Win64|x64
		{94FA430D-000F-6CBE-C990-0F1E356468EF}.Release|Win64.Build.0 = Release Win64|x64
	EndGlobalSection
	GlobalSection(SolutionProperties) = preSolution
		HideSolutionNode = FALSE
	EndGlobalSection
EndGlobal
