<?xml version="1.0" encoding="utf-8"?>
<Project ToolsVersion="4.0" xmlns="http://schemas.microsoft.com/developer/msbuild/2003">
  <ItemGroup>
    <Filter Include="Based">
      <UniqueIdentifier>{C478E00C-308D-08BE-F90E-AC1D65E204EF}</UniqueIdentifier>
    </Filter>
  </ItemGroup>
  <ItemGroup>
    <ClInclude Include="src\Based\Application.h">
      <Filter>Based</Filter>
    </ClInclude>
    <ClInclude Include="src\Based\Core.h">
      <Filter>Based</Filter>
    </ClInclude>
    <ClInclude Include="src\Based\Entry.h">
      <Filter>Based</Filter>
    </ClInclude>
    <ClInclude Include="src\Based\Window.h">
      <Filter>Based</Filter>
    </ClInclude>
    <ClInclude Include="src\Grape.h" />
  </ItemGroup>
  <ItemGroup>
    <ClCompile Include="src\Based\Application.cpp">
      <Filter>Based</Filter>
    </ClCompile>
    <ClCompile Include="src\Based\Window.cpp">
      <Filter>Based</Filter>
    </ClCompile>
  </ItemGroup>
</Project>